
Microsoft Visual Studio Solution File, Format Version 12.00
# Visual Studio Version 17
VisualStudioVersion = 17.13.35818.85 d17.13
MinimumVisualStudioVersion = 10.0.40219.1
Project("{FAE04EC0-301F-11D3-BF4B-00C04F79EFBC}") = "MudBeerPong", "MudBeerPong\MudBeerPong.csproj", "{B6CEAB2E-6B53-484A-AACE-6CFB4CADE46F}"
EndProject
Global
	GlobalSection(SolutionConfigurationPlatforms) = preSolution
		Debug|Any CPU = Debug|Any CPU
		Release|Any CPU = Release|Any CPU
	EndGlobalSection
	GlobalSection(ProjectConfigurationPlatforms) = postSolution
		{B6CEAB2E-6B53-484A-AACE-6CFB4CADE46F}.Debug|Any CPU.ActiveCfg = Debug|Any CPU
		{B6CEAB2E-6B53-484A-AACE-6CFB4CADE46F}.Debug|Any CPU.Build.0 = Debug|Any CPU
		{B6CEAB2E-6B53-484A-AACE-6CFB4CADE46F}.Release|Any CPU.ActiveCfg = Release|Any CPU
		{B6CEAB2E-6B53-484A-AACE-6CFB4CADE46F}.Release|Any CPU.Build.0 = Release|Any CPU
	EndGlobalSection
	GlobalSection(SolutionProperties) = preSolution
		HideSolutionNode = FALSE
	EndGlobalSection
	GlobalSection(ExtensibilityGlobals) = postSolution
		SolutionGuid = {F60B581E-E2B7-423A-BC6C-7B1707BEF03F}
	EndGlobalSection
EndGlobal
